
Microsoft Visual Studio Solution File, Format Version 12.00
# Visual Studio 2013
VisualStudioVersion = 12.0.30723.0
MinimumVisualStudioVersion = 10.0.40219.1
Project("{FAE04EC0-301F-11D3-BF4B-00C04F79EFBC}") = "SAPUI5Autogenerator", "SAPUI5Autogenerator\SAPUI5Autogenerator.csproj", "{AED289B0-9386-4FF9-B141-8B7EBA6195F1}"
EndProject
Project("{2150E333-8FDC-42A3-9474-1A3956D46DE8}") = "ProjectTemplates", "ProjectTemplates", "{B940B209-A2E3-4A8C-A934-4E7B7574B1C5}"
EndProject
Project("{2150E333-8FDC-42A3-9474-1A3956D46DE8}") = "ItemTemplates", "ItemTemplates", "{C03CDBA0-2496-4EAF-A38A-5801A2576196}"
EndProject
Project("{FAE04EC0-301F-11D3-BF4B-00C04F79EFBC}") = "Desktop", "Desktop\Desktop.csproj", "{48CCA01A-FCBF-4ECC-95D6-541D572E44E0}"
EndProject
Project("{FAE04EC0-301F-11D3-BF4B-00C04F79EFBC}") = "Mobile", "Mobile\Mobile.csproj", "{7447843E-0B98-4C04-B78A-CDFE2123F9B3}"
EndProject
Project("{2150E333-8FDC-42A3-9474-1A3956D46DE8}") = "T4Templates", "T4Templates", "{D55D8855-746C-4591-B44E-D9EA591369A1}"
EndProject
Project("{2150E333-8FDC-42A3-9474-1A3956D46DE8}") = "Wizards", "Wizards", "{299EA3E3-49A1-46B0-BFB8-3BD62ECF7683}"
EndProject
Global
	GlobalSection(SolutionConfigurationPlatforms) = preSolution
		Debug|Any CPU = Debug|Any CPU
		Release|Any CPU = Release|Any CPU
	EndGlobalSection
	GlobalSection(ProjectConfigurationPlatforms) = postSolution
		{AED289B0-9386-4FF9-B141-8B7EBA6195F1}.Debug|Any CPU.ActiveCfg = Debug|Any CPU
		{AED289B0-9386-4FF9-B141-8B7EBA6195F1}.Debug|Any CPU.Build.0 = Debug|Any CPU
		{AED289B0-9386-4FF9-B141-8B7EBA6195F1}.Release|Any CPU.ActiveCfg = Release|Any CPU
		{AED289B0-9386-4FF9-B141-8B7EBA6195F1}.Release|Any CPU.Build.0 = Release|Any CPU
		{48CCA01A-FCBF-4ECC-95D6-541D572E44E0}.Debug|Any CPU.ActiveCfg = Debug|Any CPU
		{48CCA01A-FCBF-4ECC-95D6-541D572E44E0}.Debug|Any CPU.Build.0 = Debug|Any CPU
		{48CCA01A-FCBF-4ECC-95D6-541D572E44E0}.Release|Any CPU.ActiveCfg = Release|Any CPU
		{48CCA01A-FCBF-4ECC-95D6-541D572E44E0}.Release|Any CPU.Build.0 = Release|Any CPU
		{7447843E-0B98-4C04-B78A-CDFE2123F9B3}.Debug|Any CPU.ActiveCfg = Debug|Any CPU
		{7447843E-0B98-4C04-B78A-CDFE2123F9B3}.Debug|Any CPU.Build.0 = Debug|Any CPU
		{7447843E-0B98-4C04-B78A-CDFE2123F9B3}.Release|Any CPU.ActiveCfg = Release|Any CPU
		{7447843E-0B98-4C04-B78A-CDFE2123F9B3}.Release|Any CPU.Build.0 = Release|Any CPU
	EndGlobalSection
	GlobalSection(SolutionProperties) = preSolution
		HideSolutionNode = FALSE
	EndGlobalSection
	GlobalSection(NestedProjects) = preSolution
		{48CCA01A-FCBF-4ECC-95D6-541D572E44E0} = {B940B209-A2E3-4A8C-A934-4E7B7574B1C5}
		{7447843E-0B98-4C04-B78A-CDFE2123F9B3} = {B940B209-A2E3-4A8C-A934-4E7B7574B1C5}
	EndGlobalSection
EndGlobal
