
Microsoft Visual Studio Solution File, Format Version 12.00
# Visual Studio 2013
VisualStudioVersion = 12.0.30723.0
MinimumVisualStudioVersion = 10.0.40219.1
Project("{FAE04EC0-301F-11D3-BF4B-00C04F79EFBC}") = "UI5Tools", "SAPUI5Autogenerator\UI5Tools.csproj", "{AED289B0-9386-4FF9-B141-8B7EBA6195F1}"
EndProject
Project("{2150E333-8FDC-42A3-9474-1A3956D46DE8}") = "ProjectTemplates", "ProjectTemplates", "{B940B209-A2E3-4A8C-A934-4E7B7574B1C5}"
EndProject
Project("{2150E333-8FDC-42A3-9474-1A3956D46DE8}") = "ItemTemplates", "ItemTemplates", "{C03CDBA0-2496-4EAF-A38A-5801A2576196}"
EndProject
Project("{FAE04EC0-301F-11D3-BF4B-00C04F79EFBC}") = "SapUI5App", "Mobile\SapUI5App.csproj", "{7447843E-0B98-4C04-B78A-CDFE2123F9B3}"
EndProject
Project("{2150E333-8FDC-42A3-9474-1A3956D46DE8}") = "Wizards", "Wizards", "{299EA3E3-49A1-46B0-BFB8-3BD62ECF7683}"
EndProject
Project("{FAE04EC0-301F-11D3-BF4B-00C04F79EFBC}") = "i18n", "i18n\i18n.csproj", "{20FD3BC3-6FBA-4AB7-BB15-D6E28B730981}"
EndProject
Project("{2150E333-8FDC-42A3-9474-1A3956D46DE8}") = "CodeGeneratorCommonHelpers", "CodeGeneratorCommonHelpers", "{6D8E0D47-F3F0-41E7-9218-F09A57EDB51E}"
EndProject
Project("{FAE04EC0-301F-11D3-BF4B-00C04F79EFBC}") = "CodeGeneratorHelpers", "CodeGeneratorHelpers\CodeGeneratorHelpers.csproj", "{562A0D89-AC39-41F5-8BC9-19578678C437}"
EndProject
Project("{FAE04EC0-301F-11D3-BF4B-00C04F79EFBC}") = "SapUI5AppWizard", "SapUI5AppWizard\SapUI5AppWizard.csproj", "{2F5E1EB6-62C4-4ABF-A3C2-980234F0E7C8}"
EndProject
Project("{FAE04EC0-301F-11D3-BF4B-00C04F79EFBC}") = "View", "View\View.csproj", "{FFBB1D0E-A124-4F4A-9B4F-8CA403C8E5E8}"
EndProject
Global
	GlobalSection(SolutionConfigurationPlatforms) = preSolution
		Debug|Any CPU = Debug|Any CPU
		Release|Any CPU = Release|Any CPU
	EndGlobalSection
	GlobalSection(ProjectConfigurationPlatforms) = postSolution
		{AED289B0-9386-4FF9-B141-8B7EBA6195F1}.Debug|Any CPU.ActiveCfg = Debug|Any CPU
		{AED289B0-9386-4FF9-B141-8B7EBA6195F1}.Debug|Any CPU.Build.0 = Debug|Any CPU
		{AED289B0-9386-4FF9-B141-8B7EBA6195F1}.Release|Any CPU.ActiveCfg = Release|Any CPU
		{AED289B0-9386-4FF9-B141-8B7EBA6195F1}.Release|Any CPU.Build.0 = Release|Any CPU
		{7447843E-0B98-4C04-B78A-CDFE2123F9B3}.Debug|Any CPU.ActiveCfg = Debug|Any CPU
		{7447843E-0B98-4C04-B78A-CDFE2123F9B3}.Debug|Any CPU.Build.0 = Debug|Any CPU
		{7447843E-0B98-4C04-B78A-CDFE2123F9B3}.Release|Any CPU.ActiveCfg = Release|Any CPU
		{7447843E-0B98-4C04-B78A-CDFE2123F9B3}.Release|Any CPU.Build.0 = Release|Any CPU
		{20FD3BC3-6FBA-4AB7-BB15-D6E28B730981}.Debug|Any CPU.ActiveCfg = Debug|Any CPU
		{20FD3BC3-6FBA-4AB7-BB15-D6E28B730981}.Debug|Any CPU.Build.0 = Debug|Any CPU
		{20FD3BC3-6FBA-4AB7-BB15-D6E28B730981}.Release|Any CPU.ActiveCfg = Release|Any CPU
		{20FD3BC3-6FBA-4AB7-BB15-D6E28B730981}.Release|Any CPU.Build.0 = Release|Any CPU
		{562A0D89-AC39-41F5-8BC9-19578678C437}.Debug|Any CPU.ActiveCfg = Debug|Any CPU
		{562A0D89-AC39-41F5-8BC9-19578678C437}.Debug|Any CPU.Build.0 = Debug|Any CPU
		{562A0D89-AC39-41F5-8BC9-19578678C437}.Release|Any CPU.ActiveCfg = Release|Any CPU
		{562A0D89-AC39-41F5-8BC9-19578678C437}.Release|Any CPU.Build.0 = Release|Any CPU
		{2F5E1EB6-62C4-4ABF-A3C2-980234F0E7C8}.Debug|Any CPU.ActiveCfg = Debug|Any CPU
		{2F5E1EB6-62C4-4ABF-A3C2-980234F0E7C8}.Debug|Any CPU.Build.0 = Debug|Any CPU
		{2F5E1EB6-62C4-4ABF-A3C2-980234F0E7C8}.Release|Any CPU.ActiveCfg = Release|Any CPU
		{2F5E1EB6-62C4-4ABF-A3C2-980234F0E7C8}.Release|Any CPU.Build.0 = Release|Any CPU
		{FFBB1D0E-A124-4F4A-9B4F-8CA403C8E5E8}.Debug|Any CPU.ActiveCfg = Debug|Any CPU
		{FFBB1D0E-A124-4F4A-9B4F-8CA403C8E5E8}.Debug|Any CPU.Build.0 = Debug|Any CPU
		{FFBB1D0E-A124-4F4A-9B4F-8CA403C8E5E8}.Release|Any CPU.ActiveCfg = Release|Any CPU
		{FFBB1D0E-A124-4F4A-9B4F-8CA403C8E5E8}.Release|Any CPU.Build.0 = Release|Any CPU
	EndGlobalSection
	GlobalSection(SolutionProperties) = preSolution
		HideSolutionNode = FALSE
	EndGlobalSection
	GlobalSection(NestedProjects) = preSolution
		{7447843E-0B98-4C04-B78A-CDFE2123F9B3} = {B940B209-A2E3-4A8C-A934-4E7B7574B1C5}
		{20FD3BC3-6FBA-4AB7-BB15-D6E28B730981} = {C03CDBA0-2496-4EAF-A38A-5801A2576196}
		{562A0D89-AC39-41F5-8BC9-19578678C437} = {6D8E0D47-F3F0-41E7-9218-F09A57EDB51E}
		{2F5E1EB6-62C4-4ABF-A3C2-980234F0E7C8} = {299EA3E3-49A1-46B0-BFB8-3BD62ECF7683}
		{FFBB1D0E-A124-4F4A-9B4F-8CA403C8E5E8} = {C03CDBA0-2496-4EAF-A38A-5801A2576196}
	EndGlobalSection
EndGlobal
